
Microsoft Visual Studio Solution File, Format Version 12.00
# Visual Studio Version 16
VisualStudioVersion = 16.0.31624.102
MinimumVisualStudioVersion = 10.0.40219.1
Project("{8BC9CEB8-8B4A-11D0-8D11-00A0C91BC942}") = "ConsoleApplication1", "ConsoleApplication1\ConsoleApplication1.vcxproj", "{ED19814A-2140-405A-817F-30EB029BFCC0}"
EndProject
Global
	GlobalSection(SolutionConfigurationPlatforms) = preSolution
		Debug|x64 = Debug|x64
		Debug|x86 = Debug|x86
		Release|x64 = Release|x64
		Release|x86 = Release|x86
	EndGlobalSection
	GlobalSection(ProjectConfigurationPlatforms) = postSolution
		{ED19814A-2140-405A-817F-30EB029BFCC0}.Debug|x64.ActiveCfg = Debug|x64
		{ED19814A-2140-405A-817F-30EB029BFCC0}.Debug|x64.Build.0 = Debug|x64
		{ED19814A-2140-405A-817F-30EB029BFCC0}.Debug|x86.ActiveCfg = Debug|Win32
		{ED19814A-2140-405A-817F-30EB029BFCC0}.Debug|x86.Build.0 = Debug|Win32
		{ED19814A-2140-405A-817F-30EB029BFCC0}.Release|x64.ActiveCfg = Release|x64
		{ED19814A-2140-405A-817F-30EB029BFCC0}.Release|x64.Build.0 = Release|x64
		{ED19814A-2140-405A-817F-30EB029BFCC0}.Release|x86.ActiveCfg = Release|Win32
		{ED19814A-2140-405A-817F-30EB029BFCC0}.Release|x86.Build.0 = Release|Win32
	EndGlobalSection
	GlobalSection(SolutionProperties) = preSolution
		HideSolutionNode = FALSE
	EndGlobalSection
	GlobalSection(ExtensibilityGlobals) = postSolution
		SolutionGuid = {2E66E816-1A72-404F-8B53-7EB7680021C0}
	EndGlobalSection
EndGlobal
